
Microsoft Visual Studio Solution File, Format Version 12.00
# Visual Studio Version 16
VisualStudioVersion = 16.0.29123.88
MinimumVisualStudioVersion = 10.0.40219.1
Project("{9A19103F-16F7-4668-BE54-9A1E7A4F7556}") = "LoopForeach", "LoopForeach.\LoopForeach.csproj", "{BF5F9B9F-572B-49D1-8456-229C99CC826F}"
EndProject
Global
	GlobalSection(SolutionConfigurationPlatforms) = preSolution
		Debug|Any CPU = Debug|Any CPU
		Release|Any CPU = Release|Any CPU
	EndGlobalSection
	GlobalSection(ProjectConfigurationPlatforms) = postSolution
		{BF5F9B9F-572B-49D1-8456-229C99CC826F}.Debug|Any CPU.ActiveCfg = Debug|Any CPU
		{BF5F9B9F-572B-49D1-8456-229C99CC826F}.Debug|Any CPU.Build.0 = Debug|Any CPU
		{BF5F9B9F-572B-49D1-8456-229C99CC826F}.Release|Any CPU.ActiveCfg = Release|Any CPU
		{BF5F9B9F-572B-49D1-8456-229C99CC826F}.Release|Any CPU.Build.0 = Release|Any CPU
	EndGlobalSection
	GlobalSection(SolutionProperties) = preSolution
		HideSolutionNode = FALSE
	EndGlobalSection
	GlobalSection(ExtensibilityGlobals) = postSolution
		SolutionGuid = {7C74C915-1E0B-4F0C-86F0-37F3B724107F}
	EndGlobalSection
EndGlobal
